
Microsoft Visual Studio Solution File, Format Version 12.00
# Visual Studio 2013
VisualStudioVersion = 12.0.21005.1
MinimumVisualStudioVersion = 10.0.40219.1
Project("{FAE04EC0-301F-11D3-BF4B-00C04F79EFBC}") = "VillaBisutti.Delta.Core", "VillaBisutti.Delta.Core\VillaBisutti.Delta.Core.csproj", "{83FB85EF-3D61-495B-BE38-E28EAC6307E7}"
EndProject
Project("{FAE04EC0-301F-11D3-BF4B-00C04F79EFBC}") = "VillaBisutti.Delta.WebApp", "VillaBisutti.Delta.WebApp\VillaBisutti.Delta.WebApp.csproj", "{C9F5022A-93FF-4528-BBC6-7031479941EE}"
EndProject
Project("{FAE04EC0-301F-11D3-BF4B-00C04F79EFBC}") = "VillaBisutti.Delta.Automation", "VillaBisutti.Delta.Automation\VillaBisutti.Delta.Automation.csproj", "{6DC92543-6DB6-4843-A716-05B75DD6EDFD}"
EndProject
Global
	GlobalSection(SolutionConfigurationPlatforms) = preSolution
		Debug|Any CPU = Debug|Any CPU
		Release|Any CPU = Release|Any CPU
	EndGlobalSection
	GlobalSection(ProjectConfigurationPlatforms) = postSolution
		{83FB85EF-3D61-495B-BE38-E28EAC6307E7}.Debug|Any CPU.ActiveCfg = Debug|Any CPU
		{83FB85EF-3D61-495B-BE38-E28EAC6307E7}.Debug|Any CPU.Build.0 = Debug|Any CPU
		{83FB85EF-3D61-495B-BE38-E28EAC6307E7}.Release|Any CPU.ActiveCfg = Release|Any CPU
		{83FB85EF-3D61-495B-BE38-E28EAC6307E7}.Release|Any CPU.Build.0 = Release|Any CPU
		{C9F5022A-93FF-4528-BBC6-7031479941EE}.Debug|Any CPU.ActiveCfg = Debug|Any CPU
		{C9F5022A-93FF-4528-BBC6-7031479941EE}.Debug|Any CPU.Build.0 = Debug|Any CPU
		{C9F5022A-93FF-4528-BBC6-7031479941EE}.Release|Any CPU.ActiveCfg = Release|Any CPU
		{C9F5022A-93FF-4528-BBC6-7031479941EE}.Release|Any CPU.Build.0 = Release|Any CPU
		{6DC92543-6DB6-4843-A716-05B75DD6EDFD}.Debug|Any CPU.ActiveCfg = Debug|Any CPU
		{6DC92543-6DB6-4843-A716-05B75DD6EDFD}.Debug|Any CPU.Build.0 = Debug|Any CPU
		{6DC92543-6DB6-4843-A716-05B75DD6EDFD}.Release|Any CPU.ActiveCfg = Release|Any CPU
		{6DC92543-6DB6-4843-A716-05B75DD6EDFD}.Release|Any CPU.Build.0 = Release|Any CPU
	EndGlobalSection
	GlobalSection(SolutionProperties) = preSolution
		HideSolutionNode = FALSE
	EndGlobalSection
EndGlobal
